
Microsoft Visual Studio Solution File, Format Version 12.00
# Visual Studio 15
VisualStudioVersion = 15.0.27004.2006
MinimumVisualStudioVersion = 10.0.40219.1
Project("{9A19103F-16F7-4668-BE54-9A1E7A4F7556}") = "KifuCollector", "KifuCollector\KifuCollector.csproj", "{F756C9D2-416E-459E-9691-8E10E60721A9}"
EndProject
Project("{FAE04EC0-301F-11D3-BF4B-00C04F79EFBC}") = "Bigeagle.BoradGames", "Bigeagle.BoradGames\Bigeagle.BoradGames.csproj", "{E7EDAF38-485B-41AC-842E-6416EFC1E998}"
EndProject
Project("{FAE04EC0-301F-11D3-BF4B-00C04F79EFBC}") = "Bigeagle.BoardGames.Go", "Bigeagle.BoardGames.Go\Bigeagle.BoardGames.Go.csproj", "{2C9165AC-06A2-4C8B-8C88-1E054654B4A7}"
EndProject
Global
	GlobalSection(SolutionConfigurationPlatforms) = preSolution
		Debug|Any CPU = Debug|Any CPU
		Release|Any CPU = Release|Any CPU
	EndGlobalSection
	GlobalSection(ProjectConfigurationPlatforms) = postSolution
		{F756C9D2-416E-459E-9691-8E10E60721A9}.Debug|Any CPU.ActiveCfg = Debug|Any CPU
		{F756C9D2-416E-459E-9691-8E10E60721A9}.Debug|Any CPU.Build.0 = Debug|Any CPU
		{F756C9D2-416E-459E-9691-8E10E60721A9}.Release|Any CPU.ActiveCfg = Release|Any CPU
		{F756C9D2-416E-459E-9691-8E10E60721A9}.Release|Any CPU.Build.0 = Release|Any CPU
		{E7EDAF38-485B-41AC-842E-6416EFC1E998}.Debug|Any CPU.ActiveCfg = Debug|Any CPU
		{E7EDAF38-485B-41AC-842E-6416EFC1E998}.Debug|Any CPU.Build.0 = Debug|Any CPU
		{E7EDAF38-485B-41AC-842E-6416EFC1E998}.Release|Any CPU.ActiveCfg = Release|Any CPU
		{E7EDAF38-485B-41AC-842E-6416EFC1E998}.Release|Any CPU.Build.0 = Release|Any CPU
		{2C9165AC-06A2-4C8B-8C88-1E054654B4A7}.Debug|Any CPU.ActiveCfg = Debug|Any CPU
		{2C9165AC-06A2-4C8B-8C88-1E054654B4A7}.Debug|Any CPU.Build.0 = Debug|Any CPU
		{2C9165AC-06A2-4C8B-8C88-1E054654B4A7}.Release|Any CPU.ActiveCfg = Release|Any CPU
		{2C9165AC-06A2-4C8B-8C88-1E054654B4A7}.Release|Any CPU.Build.0 = Release|Any CPU
	EndGlobalSection
	GlobalSection(SolutionProperties) = preSolution
		HideSolutionNode = FALSE
	EndGlobalSection
	GlobalSection(ExtensibilityGlobals) = postSolution
		SolutionGuid = {83C0AEEA-D82A-4694-A34E-4518A204D99D}
	EndGlobalSection
EndGlobal
